# This file is automatically @generated by Cargo.
# It is not intended for manual editing.
version = 4

[[package]]
name = "ferrolex"
version = "0.1.0"
dependencies = [
 "ferrolex-brand",
 "ferrolex-core",
 "ferrolex-dict",
 "ferrolex-hunspell",
 "ferrolex-json",
 "ferrolex-oxc",
 "ferrolex-tokenizer",
]

[[package]]
name = "ferrolex-brand"
version = "0.1.0"
dependencies = [
 "ferrolex-core",
]

[[package]]
name = "ferrolex-core"
version = "0.1.0"

[[package]]
name = "ferrolex-dict"
version = "0.1.0"
dependencies = [
 "ferrolex-core",
]

[[package]]
name = "ferrolex-hunspell"
version = "0.1.0"
dependencies = [
 "ferrolex-dict",
]

[[package]]
name = "ferrolex-json"
version = "0.1.0"
dependencies = [
 "ferrolex-core",
]

[[package]]
name = "ferrolex-oxc"
version = "0.1.0"
dependencies = [
 "ferrolex-core",
]

[[package]]
name = "ferrolex-tokenizer"
version = "0.1.0"
dependencies = [
 "ferrolex-core",
]
